
Microsoft Visual Studio Solution File, Format Version 12.00
# Visual Studio Version 17
VisualStudioVersion = 17.5.002.0
MinimumVisualStudioVersion = 10.0.40219.1
Project("{9A19103F-16F7-4668-BE54-9A1E7A4F7556}") = "TaskManager.Api", "TaskManager.Api\TaskManager.Api.csproj", "{36ADAED0-E30D-48B3-A3E3-407EB4FB1FA1}"
EndProject
Global
	GlobalSection(SolutionConfigurationPlatforms) = preSolution
		Debug|Any CPU = Debug|Any CPU
		Release|Any CPU = Release|Any CPU
	EndGlobalSection
	GlobalSection(ProjectConfigurationPlatforms) = postSolution
		{36ADAED0-E30D-48B3-A3E3-407EB4FB1FA1}.Debug|Any CPU.ActiveCfg = Debug|Any CPU
		{36ADAED0-E30D-48B3-A3E3-407EB4FB1FA1}.Debug|Any CPU.Build.0 = Debug|Any CPU
		{36ADAED0-E30D-48B3-A3E3-407EB4FB1FA1}.Release|Any CPU.ActiveCfg = Release|Any CPU
		{36ADAED0-E30D-48B3-A3E3-407EB4FB1FA1}.Release|Any CPU.Build.0 = Release|Any CPU
	EndGlobalSection
	GlobalSection(SolutionProperties) = preSolution
		HideSolutionNode = FALSE
	EndGlobalSection
	GlobalSection(ExtensibilityGlobals) = postSolution
		SolutionGuid = {02F95C3A-8EB6-41B7-922F-3402D8B5837A}
	EndGlobalSection
EndGlobal
